
Microsoft Visual Studio Solution File, Format Version 12.00
# Visual Studio Version 17
VisualStudioVersion = 17.8.34525.116
MinimumVisualStudioVersion = 10.0.40219.1
Project("{9A19103F-16F7-4668-BE54-9A1E7A4F7556}") = "Business", "Business\Business.csproj", "{5803BC79-BDB9-4897-BA11-0998352B4946}"
EndProject
Project("{9A19103F-16F7-4668-BE54-9A1E7A4F7556}") = "DataAccess", "DataAccess\DataAccess.csproj", "{DFBF2380-BF9D-4D95-B659-4F234143C0E3}"
EndProject
Project("{9A19103F-16F7-4668-BE54-9A1E7A4F7556}") = "Entities", "Entities\Entities.csproj", "{334A12ED-A1DA-41BE-8BF5-163EB76B270B}"
EndProject
Project("{9A19103F-16F7-4668-BE54-9A1E7A4F7556}") = "Core", "Core\Core.csproj", "{5C3C87A3-B72A-4EAD-A13A-36299EA442B8}"
EndProject
Project("{FAE04EC0-301F-11D3-BF4B-00C04F79EFBC}") = "WebAPI", "WebApplication1\WebAPI.csproj", "{9387ACB4-B5F9-48A1-AEF0-FC1A7FD46428}"
EndProject
Global
	GlobalSection(SolutionConfigurationPlatforms) = preSolution
		Debug|Any CPU = Debug|Any CPU
		Release|Any CPU = Release|Any CPU
	EndGlobalSection
	GlobalSection(ProjectConfigurationPlatforms) = postSolution
		{5803BC79-BDB9-4897-BA11-0998352B4946}.Debug|Any CPU.ActiveCfg = Debug|Any CPU
		{5803BC79-BDB9-4897-BA11-0998352B4946}.Debug|Any CPU.Build.0 = Debug|Any CPU
		{5803BC79-BDB9-4897-BA11-0998352B4946}.Release|Any CPU.ActiveCfg = Release|Any CPU
		{5803BC79-BDB9-4897-BA11-0998352B4946}.Release|Any CPU.Build.0 = Release|Any CPU
		{DFBF2380-BF9D-4D95-B659-4F234143C0E3}.Debug|Any CPU.ActiveCfg = Debug|Any CPU
		{DFBF2380-BF9D-4D95-B659-4F234143C0E3}.Debug|Any CPU.Build.0 = Debug|Any CPU
		{DFBF2380-BF9D-4D95-B659-4F234143C0E3}.Release|Any CPU.ActiveCfg = Release|Any CPU
		{DFBF2380-BF9D-4D95-B659-4F234143C0E3}.Release|Any CPU.Build.0 = Release|Any CPU
		{334A12ED-A1DA-41BE-8BF5-163EB76B270B}.Debug|Any CPU.ActiveCfg = Debug|Any CPU
		{334A12ED-A1DA-41BE-8BF5-163EB76B270B}.Debug|Any CPU.Build.0 = Debug|Any CPU
		{334A12ED-A1DA-41BE-8BF5-163EB76B270B}.Release|Any CPU.ActiveCfg = Release|Any CPU
		{334A12ED-A1DA-41BE-8BF5-163EB76B270B}.Release|Any CPU.Build.0 = Release|Any CPU
		{5C3C87A3-B72A-4EAD-A13A-36299EA442B8}.Debug|Any CPU.ActiveCfg = Debug|Any CPU
		{5C3C87A3-B72A-4EAD-A13A-36299EA442B8}.Debug|Any CPU.Build.0 = Debug|Any CPU
		{5C3C87A3-B72A-4EAD-A13A-36299EA442B8}.Release|Any CPU.ActiveCfg = Release|Any CPU
		{5C3C87A3-B72A-4EAD-A13A-36299EA442B8}.Release|Any CPU.Build.0 = Release|Any CPU
		{9387ACB4-B5F9-48A1-AEF0-FC1A7FD46428}.Debug|Any CPU.ActiveCfg = Debug|Any CPU
		{9387ACB4-B5F9-48A1-AEF0-FC1A7FD46428}.Debug|Any CPU.Build.0 = Debug|Any CPU
		{9387ACB4-B5F9-48A1-AEF0-FC1A7FD46428}.Release|Any CPU.ActiveCfg = Release|Any CPU
		{9387ACB4-B5F9-48A1-AEF0-FC1A7FD46428}.Release|Any CPU.Build.0 = Release|Any CPU
	EndGlobalSection
	GlobalSection(SolutionProperties) = preSolution
		HideSolutionNode = FALSE
	EndGlobalSection
	GlobalSection(ExtensibilityGlobals) = postSolution
		SolutionGuid = {C5C70153-2D46-4785-84C8-6180DD339CC2}
	EndGlobalSection
EndGlobal
